
Microsoft Visual Studio Solution File, Format Version 12.00
# Visual Studio Version 16
VisualStudioVersion = 16.0.28724.11
MinimumVisualStudioVersion = 10.0.40219.1
Project("{9A19103F-16F7-4668-BE54-9A1E7A4F7556}") = "AppInsights.WindowsDesktop", "AppInsights.WindowsDesktop\AppInsights.WindowsDesktop.csproj", "{D6E8685A-82C8-459E-A420-33640C0E8251}"
EndProject
Project("{2150E333-8FDC-42A3-9474-1A3956D46DE8}") = "Solution Items", "Solution Items", "{AC4267BB-83C8-4D0C-B94A-D99863067141}"
	ProjectSection(SolutionItems) = preProject
		.editorconfig = .editorconfig
		azure-pipelines.yml = azure-pipelines.yml
		global.json = global.json
		README.md = README.md
		version.json = version.json
	EndProjectSection
EndProject
Global
	GlobalSection(SolutionConfigurationPlatforms) = preSolution
		Debug|Any CPU = Debug|Any CPU
		Release|Any CPU = Release|Any CPU
	EndGlobalSection
	GlobalSection(ProjectConfigurationPlatforms) = postSolution
		{D6E8685A-82C8-459E-A420-33640C0E8251}.Debug|Any CPU.ActiveCfg = Debug|Any CPU
		{D6E8685A-82C8-459E-A420-33640C0E8251}.Debug|Any CPU.Build.0 = Debug|Any CPU
		{D6E8685A-82C8-459E-A420-33640C0E8251}.Release|Any CPU.ActiveCfg = Release|Any CPU
		{D6E8685A-82C8-459E-A420-33640C0E8251}.Release|Any CPU.Build.0 = Release|Any CPU
	EndGlobalSection
	GlobalSection(SolutionProperties) = preSolution
		HideSolutionNode = FALSE
	EndGlobalSection
	GlobalSection(ExtensibilityGlobals) = postSolution
		SolutionGuid = {464AE26E-4ABD-405F-8A17-EEAD9B92BEB9}
	EndGlobalSection
EndGlobal
